# Generated by pub
# See https://dart.dev/tools/pub/glossary#lockfile
packages:
  args:
    dependency: "direct main"
    description:
      name: args
      sha256: d0481093c50b1da8910eb0bb301626d4d8eb7284aa739614d2b394ee09e3ea04
      url: "https://pub.dev"
    source: hosted
    version: "2.7.0"
  fl_common_lint:
    dependency: "direct dev"
    description:
      name: fl_common_lint
      sha256: "795780da8888719d26d3de2ba4028b48cccbb9e104832473c6559f9c99889054"
      url: "https://pub.dev"
    source: hosted
    version: "1.8.0"
sdks:
  dart: ">=3.9.2 <4.0.0"
